
Microsoft Visual Studio Solution File, Format Version 12.00
# Visual Studio Version 16
VisualStudioVersion = 16.0.29609.76
MinimumVisualStudioVersion = 10.0.40219.1
Project("{FAE04EC0-301F-11D3-BF4B-00C04F79EFBC}") = "TestTeeeest", "TestTeeeest\TestTeeeest.csproj", "{853172DC-44D9-4503-98E9-41223130CF72}"
EndProject
Global
	GlobalSection(SolutionConfigurationPlatforms) = preSolution
		Debug|Any CPU = Debug|Any CPU
		Release|Any CPU = Release|Any CPU
	EndGlobalSection
	GlobalSection(ProjectConfigurationPlatforms) = postSolution
		{853172DC-44D9-4503-98E9-41223130CF72}.Debug|Any CPU.ActiveCfg = Debug|Any CPU
		{853172DC-44D9-4503-98E9-41223130CF72}.Debug|Any CPU.Build.0 = Debug|Any CPU
		{853172DC-44D9-4503-98E9-41223130CF72}.Release|Any CPU.ActiveCfg = Release|Any CPU
		{853172DC-44D9-4503-98E9-41223130CF72}.Release|Any CPU.Build.0 = Release|Any CPU
	EndGlobalSection
	GlobalSection(SolutionProperties) = preSolution
		HideSolutionNode = FALSE
	EndGlobalSection
	GlobalSection(ExtensibilityGlobals) = postSolution
		SolutionGuid = {084D8A13-356B-4E62-BCFA-F0638F230AAF}
	EndGlobalSection
EndGlobal
